// !$*UTF8*$!
{
	archiveVersion = 1;
	classes = {
	};
	objectVersion = 46;
	objects = {

/* Begin PBXBuildFile section */
		C3073AE41BE2C77C00EC89B7 /* FirebaseInvites.m in Sources */ = {isa = PBXBuildFile; fileRef = C3073AD71BE2C77C00EC89B7 /* FirebaseInvites.m */; };
		C3073AE81BE2C77C00EC89B7 /* InitFunction.m in Sources */ = {isa = PBXBuildFile; fileRef = C3073AE21BE2C77C00EC89B7 /* InitFunction.m */; };
		C37509FA1C79388900516C15 /* AIRExtHelpers.framework in Frameworks */ = {isa = PBXBuildFile; fileRef = C37509F91C79388900516C15 /* AIRExtHelpers.framework */; };
		C3B187F91D61FA7000C558BF /* MPUserActivityDelegate.m in Sources */ = {isa = PBXBuildFile; fileRef = C3B187F71D61FA7000C558BF /* MPUserActivityDelegate.m */; };
		C3B187FD1D62FCAE00C558BF /* ShowInvitationDialogFunction.m in Sources */ = {isa = PBXBuildFile; fileRef = C3B187FC1D62FCAE00C558BF /* ShowInvitationDialogFunction.m */; };
		C3B188001D62FD2E00C558BF /* FirebaseInviteDialogVO.m in Sources */ = {isa = PBXBuildFile; fileRef = C3B187FF1D62FD2E00C558BF /* FirebaseInviteDialogVO.m */; };
		C3B188031D6305ED00C558BF /* IsSupportedFunction.m in Sources */ = {isa = PBXBuildFile; fileRef = C3B188021D6305ED00C558BF /* IsSupportedFunction.m */; };
		C3F7574F1D5E5E0200C4A244 /* FirebaseDynamicLinks.framework in Frameworks */ = {isa = PBXBuildFile; fileRef = C3F757441D5E5E0100C4A244 /* FirebaseDynamicLinks.framework */; };
		C3F757501D5E5E0200C4A244 /* FirebaseInvites.framework in Frameworks */ = {isa = PBXBuildFile; fileRef = C3F757451D5E5E0100C4A244 /* FirebaseInvites.framework */; };
		C3F757511D5E5E0200C4A244 /* GoogleAppUtilities.framework in Frameworks */ = {isa = PBXBuildFile; fileRef = C3F757471D5E5E0100C4A244 /* GoogleAppUtilities.framework */; };
		C3F757521D5E5E0200C4A244 /* GoogleAuthUtilities.framework in Frameworks */ = {isa = PBXBuildFile; fileRef = C3F757481D5E5E0100C4A244 /* GoogleAuthUtilities.framework */; };
		C3F757531D5E5E0200C4A244 /* GoogleNetworkingUtilities.framework in Frameworks */ = {isa = PBXBuildFile; fileRef = C3F757491D5E5E0100C4A244 /* GoogleNetworkingUtilities.framework */; };
		C3F757541D5E5E0200C4A244 /* GoogleParsingUtilities.framework in Frameworks */ = {isa = PBXBuildFile; fileRef = C3F7574A1D5E5E0100C4A244 /* GoogleParsingUtilities.framework */; };
		C3F757551D5E5E0200C4A244 /* GooglePlusUtilities.framework in Frameworks */ = {isa = PBXBuildFile; fileRef = C3F7574B1D5E5E0100C4A244 /* GooglePlusUtilities.framework */; };
		C3F757561D5E5E0200C4A244 /* GoogleSignIn.framework in Frameworks */ = {isa = PBXBuildFile; fileRef = C3F7574C1D5E5E0100C4A244 /* GoogleSignIn.framework */; };
		C3F7575A1D5E607300C4A244 /* FirebaseInvitesHelper.m in Sources */ = {isa = PBXBuildFile; fileRef = C3F757591D5E607300C4A244 /* FirebaseInvitesHelper.m */; };
/* End PBXBuildFile section */

/* Begin PBXCopyFilesBuildPhase section */
		C35331DC1B7BCE8A003A7521 /* CopyFiles */ = {
			isa = PBXCopyFilesBuildPhase;
			buildActionMask = 2147483647;
			dstPath = "include/$(PRODUCT_NAME)";
			dstSubfolderSpec = 16;
			files = (
			);
			runOnlyForDeploymentPostprocessing = 0;
		};
/* End PBXCopyFilesBuildPhase section */

/* Begin PBXFileReference section */
		C3073AD61BE2C77C00EC89B7 /* FirebaseInvites.h */ = {isa = PBXFileReference; fileEncoding = 4; lastKnownFileType = sourcecode.c.h; path = FirebaseInvites.h; sourceTree = "<group>"; };
		C3073AD71BE2C77C00EC89B7 /* FirebaseInvites.m */ = {isa = PBXFileReference; fileEncoding = 4; lastKnownFileType = sourcecode.c.objc; path = FirebaseInvites.m; sourceTree = "<group>"; };
		C3073AE11BE2C77C00EC89B7 /* InitFunction.h */ = {isa = PBXFileReference; fileEncoding = 4; lastKnownFileType = sourcecode.c.h; path = InitFunction.h; sourceTree = "<group>"; };
		C3073AE21BE2C77C00EC89B7 /* InitFunction.m */ = {isa = PBXFileReference; fileEncoding = 4; lastKnownFileType = sourcecode.c.objc; path = InitFunction.m; sourceTree = "<group>"; };
		C35331DE1B7BCE8A003A7521 /* libFirebaseInvites.a */ = {isa = PBXFileReference; explicitFileType = archive.ar; includeInIndex = 0; path = libFirebaseInvites.a; sourceTree = BUILT_PRODUCTS_DIR; };
		C37509F91C79388900516C15 /* AIRExtHelpers.framework */ = {isa = PBXFileReference; lastKnownFileType = wrapper.framework; path = AIRExtHelpers.framework; sourceTree = "<group>"; };
		C3B187F61D61FA7000C558BF /* MPUserActivityDelegate.h */ = {isa = PBXFileReference; fileEncoding = 4; lastKnownFileType = sourcecode.c.h; name = MPUserActivityDelegate.h; path = Utils/MPUserActivityDelegate.h; sourceTree = "<group>"; };
		C3B187F71D61FA7000C558BF /* MPUserActivityDelegate.m */ = {isa = PBXFileReference; fileEncoding = 4; lastKnownFileType = sourcecode.c.objc; name = MPUserActivityDelegate.m; path = Utils/MPUserActivityDelegate.m; sourceTree = "<group>"; };
		C3B187F81D61FA7000C558BF /* MPUserActivityListener.h */ = {isa = PBXFileReference; fileEncoding = 4; lastKnownFileType = sourcecode.c.h; name = MPUserActivityListener.h; path = Utils/MPUserActivityListener.h; sourceTree = "<group>"; };
		C3B187FA1D622A1100C558BF /* FirebaseInvitesEvent.h */ = {isa = PBXFileReference; lastKnownFileType = sourcecode.c.h; path = FirebaseInvitesEvent.h; sourceTree = "<group>"; };
		C3B187FB1D62FCAE00C558BF /* ShowInvitationDialogFunction.h */ = {isa = PBXFileReference; fileEncoding = 4; lastKnownFileType = sourcecode.c.h; path = ShowInvitationDialogFunction.h; sourceTree = "<group>"; };
		C3B187FC1D62FCAE00C558BF /* ShowInvitationDialogFunction.m */ = {isa = PBXFileReference; fileEncoding = 4; lastKnownFileType = sourcecode.c.objc; path = ShowInvitationDialogFunction.m; sourceTree = "<group>"; };
		C3B187FE1D62FD2E00C558BF /* FirebaseInviteDialogVO.h */ = {isa = PBXFileReference; fileEncoding = 4; lastKnownFileType = sourcecode.c.h; path = FirebaseInviteDialogVO.h; sourceTree = "<group>"; };
		C3B187FF1D62FD2E00C558BF /* FirebaseInviteDialogVO.m */ = {isa = PBXFileReference; fileEncoding = 4; lastKnownFileType = sourcecode.c.objc; path = FirebaseInviteDialogVO.m; sourceTree = "<group>"; };
		C3B188011D6305ED00C558BF /* IsSupportedFunction.h */ = {isa = PBXFileReference; fileEncoding = 4; lastKnownFileType = sourcecode.c.h; path = IsSupportedFunction.h; sourceTree = "<group>"; };
		C3B188021D6305ED00C558BF /* IsSupportedFunction.m */ = {isa = PBXFileReference; fileEncoding = 4; lastKnownFileType = sourcecode.c.objc; path = IsSupportedFunction.m; sourceTree = "<group>"; };
		C3F757441D5E5E0100C4A244 /* FirebaseDynamicLinks.framework */ = {isa = PBXFileReference; lastKnownFileType = wrapper.framework; path = FirebaseDynamicLinks.framework; sourceTree = "<group>"; };
		C3F757451D5E5E0100C4A244 /* FirebaseInvites.framework */ = {isa = PBXFileReference; lastKnownFileType = wrapper.framework; path = FirebaseInvites.framework; sourceTree = "<group>"; };
		C3F757461D5E5E0100C4A244 /* GINInviteResources.bundle */ = {isa = PBXFileReference; lastKnownFileType = "wrapper.plug-in"; path = GINInviteResources.bundle; sourceTree = "<group>"; };
		C3F757471D5E5E0100C4A244 /* GoogleAppUtilities.framework */ = {isa = PBXFileReference; lastKnownFileType = wrapper.framework; path = GoogleAppUtilities.framework; sourceTree = "<group>"; };
		C3F757481D5E5E0100C4A244 /* GoogleAuthUtilities.framework */ = {isa = PBXFileReference; lastKnownFileType = wrapper.framework; path = GoogleAuthUtilities.framework; sourceTree = "<group>"; };
		C3F757491D5E5E0100C4A244 /* GoogleNetworkingUtilities.framework */ = {isa = PBXFileReference; lastKnownFileType = wrapper.framework; path = GoogleNetworkingUtilities.framework; sourceTree = "<group>"; };
		C3F7574A1D5E5E0100C4A244 /* GoogleParsingUtilities.framework */ = {isa = PBXFileReference; lastKnownFileType = wrapper.framework; path = GoogleParsingUtilities.framework; sourceTree = "<group>"; };
		C3F7574B1D5E5E0100C4A244 /* GooglePlusUtilities.framework */ = {isa = PBXFileReference; lastKnownFileType = wrapper.framework; path = GooglePlusUtilities.framework; sourceTree = "<group>"; };
		C3F7574C1D5E5E0100C4A244 /* GoogleSignIn.framework */ = {isa = PBXFileReference; lastKnownFileType = wrapper.framework; path = GoogleSignIn.framework; sourceTree = "<group>"; };
		C3F7574D1D5E5E0100C4A244 /* GPPACLPickerResources.bundle */ = {isa = PBXFileReference; lastKnownFileType = "wrapper.plug-in"; path = GPPACLPickerResources.bundle; sourceTree = "<group>"; };
		C3F7574E1D5E5E0200C4A244 /* GTMOAuth2ViewTouch.xib */ = {isa = PBXFileReference; fileEncoding = 4; lastKnownFileType = file.xib; path = GTMOAuth2ViewTouch.xib; sourceTree = "<group>"; };
		C3F757581D5E607300C4A244 /* FirebaseInvitesHelper.h */ = {isa = PBXFileReference; fileEncoding = 4; lastKnownFileType = sourcecode.c.h; name = FirebaseInvitesHelper.h; path = Utils/FirebaseInvitesHelper.h; sourceTree = "<group>"; };
		C3F757591D5E607300C4A244 /* FirebaseInvitesHelper.m */ = {isa = PBXFileReference; fileEncoding = 4; lastKnownFileType = sourcecode.c.objc; name = FirebaseInvitesHelper.m; path = Utils/FirebaseInvitesHelper.m; sourceTree = "<group>"; };
/* End PBXFileReference section */

/* Begin PBXFrameworksBuildPhase section */
		C35331DB1B7BCE8A003A7521 /* Frameworks */ = {
			isa = PBXFrameworksBuildPhase;
			buildActionMask = 2147483647;
			files = (
				C3F757501D5E5E0200C4A244 /* FirebaseInvites.framework in Frameworks */,
				C37509FA1C79388900516C15 /* AIRExtHelpers.framework in Frameworks */,
				C3F757511D5E5E0200C4A244 /* GoogleAppUtilities.framework in Frameworks */,
				C3F7574F1D5E5E0200C4A244 /* FirebaseDynamicLinks.framework in Frameworks */,
				C3F757531D5E5E0200C4A244 /* GoogleNetworkingUtilities.framework in Frameworks */,
				C3F757541D5E5E0200C4A244 /* GoogleParsingUtilities.framework in Frameworks */,
				C3F757551D5E5E0200C4A244 /* GooglePlusUtilities.framework in Frameworks */,
				C3F757561D5E5E0200C4A244 /* GoogleSignIn.framework in Frameworks */,
				C3F757521D5E5E0200C4A244 /* GoogleAuthUtilities.framework in Frameworks */,
			);
			runOnlyForDeploymentPostprocessing = 0;
		};
/* End PBXFrameworksBuildPhase section */

/* Begin PBXGroup section */
		C3073AD51BE2C77C00EC89B7 /* FirebaseInvites */ = {
			isa = PBXGroup;
			children = (
				C3F757571D5E606400C4A244 /* Utils */,
				C37509F81C79388900516C15 /* Frameworks */,
				C3073AD61BE2C77C00EC89B7 /* FirebaseInvites.h */,
				C3073AD71BE2C77C00EC89B7 /* FirebaseInvites.m */,
				C3073ADC1BE2C77C00EC89B7 /* Data */,
				C3073AE01BE2C77C00EC89B7 /* Functions */,
			);
			path = FirebaseInvites;
			sourceTree = "<group>";
		};
		C3073ADC1BE2C77C00EC89B7 /* Data */ = {
			isa = PBXGroup;
			children = (
				C3B187FA1D622A1100C558BF /* FirebaseInvitesEvent.h */,
				C3B187FE1D62FD2E00C558BF /* FirebaseInviteDialogVO.h */,
				C3B187FF1D62FD2E00C558BF /* FirebaseInviteDialogVO.m */,
			);
			path = Data;
			sourceTree = "<group>";
		};
		C3073AE01BE2C77C00EC89B7 /* Functions */ = {
			isa = PBXGroup;
			children = (
				C3073AE11BE2C77C00EC89B7 /* InitFunction.h */,
				C3073AE21BE2C77C00EC89B7 /* InitFunction.m */,
				C3B187FB1D62FCAE00C558BF /* ShowInvitationDialogFunction.h */,
				C3B187FC1D62FCAE00C558BF /* ShowInvitationDialogFunction.m */,
				C3B188011D6305ED00C558BF /* IsSupportedFunction.h */,
				C3B188021D6305ED00C558BF /* IsSupportedFunction.m */,
			);
			path = Functions;
			sourceTree = "<group>";
		};
		C35331D51B7BCE8A003A7521 = {
			isa = PBXGroup;
			children = (
				C3073AD51BE2C77C00EC89B7 /* FirebaseInvites */,
				C35331DF1B7BCE8A003A7521 /* Products */,
			);
			sourceTree = "<group>";
		};
		C35331DF1B7BCE8A003A7521 /* Products */ = {
			isa = PBXGroup;
			children = (
				C35331DE1B7BCE8A003A7521 /* libFirebaseInvites.a */,
			);
			name = Products;
			sourceTree = "<group>";
		};
		C37509F81C79388900516C15 /* Frameworks */ = {
			isa = PBXGroup;
			children = (
				C3F757441D5E5E0100C4A244 /* FirebaseDynamicLinks.framework */,
				C3F757451D5E5E0100C4A244 /* FirebaseInvites.framework */,
				C3F757461D5E5E0100C4A244 /* GINInviteResources.bundle */,
				C3F757471D5E5E0100C4A244 /* GoogleAppUtilities.framework */,
				C3F757481D5E5E0100C4A244 /* GoogleAuthUtilities.framework */,
				C3F757491D5E5E0100C4A244 /* GoogleNetworkingUtilities.framework */,
				C3F7574A1D5E5E0100C4A244 /* GoogleParsingUtilities.framework */,
				C3F7574B1D5E5E0100C4A244 /* GooglePlusUtilities.framework */,
				C3F7574C1D5E5E0100C4A244 /* GoogleSignIn.framework */,
				C3F7574D1D5E5E0100C4A244 /* GPPACLPickerResources.bundle */,
				C3F7574E1D5E5E0200C4A244 /* GTMOAuth2ViewTouch.xib */,
				C37509F91C79388900516C15 /* AIRExtHelpers.framework */,
			);
			path = Frameworks;
			sourceTree = "<group>";
		};
		C3F757571D5E606400C4A244 /* Utils */ = {
			isa = PBXGroup;
			children = (
				C3B187F61D61FA7000C558BF /* MPUserActivityDelegate.h */,
				C3B187F71D61FA7000C558BF /* MPUserActivityDelegate.m */,
				C3B187F81D61FA7000C558BF /* MPUserActivityListener.h */,
				C3F757581D5E607300C4A244 /* FirebaseInvitesHelper.h */,
				C3F757591D5E607300C4A244 /* FirebaseInvitesHelper.m */,
			);
			name = Utils;
			sourceTree = "<group>";
		};
/* End PBXGroup section */

/* Begin PBXNativeTarget section */
		C35331DD1B7BCE8A003A7521 /* FirebaseInvites */ = {
			isa = PBXNativeTarget;
			buildConfigurationList = C35331F21B7BCE8A003A7521 /* Build configuration list for PBXNativeTarget "FirebaseInvites" */;
			buildPhases = (
				C35331DA1B7BCE8A003A7521 /* Sources */,
				C35331DB1B7BCE8A003A7521 /* Frameworks */,
				C35331DC1B7BCE8A003A7521 /* CopyFiles */,
			);
			buildRules = (
			);
			dependencies = (
			);
			name = FirebaseInvites;
			productName = FirebaseInvites;
			productReference = C35331DE1B7BCE8A003A7521 /* libFirebaseInvites.a */;
			productType = "com.apple.product-type.library.static";
		};
/* End PBXNativeTarget section */

/* Begin PBXProject section */
		C35331D61B7BCE8A003A7521 /* Project object */ = {
			isa = PBXProject;
			attributes = {
				LastUpgradeCheck = 0640;
				ORGANIZATIONNAME = marpies;
				TargetAttributes = {
					C35331DD1B7BCE8A003A7521 = {
						CreatedOnToolsVersion = 6.4;
					};
				};
			};
			buildConfigurationList = C35331D91B7BCE8A003A7521 /* Build configuration list for PBXProject "FirebaseInvites" */;
			compatibilityVersion = "Xcode 3.2";
			developmentRegion = English;
			hasScannedForEncodings = 0;
			knownRegions = (
				en,
			);
			mainGroup = C35331D51B7BCE8A003A7521;
			productRefGroup = C35331DF1B7BCE8A003A7521 /* Products */;
			projectDirPath = "";
			projectRoot = "";
			targets = (
				C35331DD1B7BCE8A003A7521 /* FirebaseInvites */,
			);
		};
/* End PBXProject section */

/* Begin PBXSourcesBuildPhase section */
		C35331DA1B7BCE8A003A7521 /* Sources */ = {
			isa = PBXSourcesBuildPhase;
			buildActionMask = 2147483647;
			files = (
				C3B188001D62FD2E00C558BF /* FirebaseInviteDialogVO.m in Sources */,
				C3F7575A1D5E607300C4A244 /* FirebaseInvitesHelper.m in Sources */,
				C3073AE81BE2C77C00EC89B7 /* InitFunction.m in Sources */,
				C3073AE41BE2C77C00EC89B7 /* FirebaseInvites.m in Sources */,
				C3B187FD1D62FCAE00C558BF /* ShowInvitationDialogFunction.m in Sources */,
				C3B188031D6305ED00C558BF /* IsSupportedFunction.m in Sources */,
				C3B187F91D61FA7000C558BF /* MPUserActivityDelegate.m in Sources */,
			);
			runOnlyForDeploymentPostprocessing = 0;
		};
/* End PBXSourcesBuildPhase section */

/* Begin XCBuildConfiguration section */
		C35331F01B7BCE8A003A7521 /* Debug */ = {
			isa = XCBuildConfiguration;
			buildSettings = {
				ALWAYS_SEARCH_USER_PATHS = NO;
				CLANG_CXX_LANGUAGE_STANDARD = "gnu++0x";
				CLANG_CXX_LIBRARY = "libc++";
				CLANG_ENABLE_MODULES = YES;
				CLANG_ENABLE_OBJC_ARC = YES;
				CLANG_WARN_BOOL_CONVERSION = YES;
				CLANG_WARN_CONSTANT_CONVERSION = YES;
				CLANG_WARN_DIRECT_OBJC_ISA_USAGE = YES_ERROR;
				CLANG_WARN_EMPTY_BODY = YES;
				CLANG_WARN_ENUM_CONVERSION = YES;
				CLANG_WARN_INT_CONVERSION = YES;
				CLANG_WARN_OBJC_ROOT_CLASS = YES_ERROR;
				CLANG_WARN_UNREACHABLE_CODE = YES;
				CLANG_WARN__DUPLICATE_METHOD_MATCH = YES;
				COPY_PHASE_STRIP = NO;
				DEBUG_INFORMATION_FORMAT = "dwarf-with-dsym";
				ENABLE_STRICT_OBJC_MSGSEND = YES;
				GCC_C_LANGUAGE_STANDARD = gnu99;
				GCC_DYNAMIC_NO_PIC = NO;
				GCC_NO_COMMON_BLOCKS = YES;
				GCC_OPTIMIZATION_LEVEL = 0;
				GCC_PREPROCESSOR_DEFINITIONS = (
					"DEBUG=1",
					"$(inherited)",
				);
				GCC_SYMBOLS_PRIVATE_EXTERN = NO;
				GCC_WARN_64_TO_32_BIT_CONVERSION = YES;
				GCC_WARN_ABOUT_RETURN_TYPE = YES_ERROR;
				GCC_WARN_UNDECLARED_SELECTOR = YES;
				GCC_WARN_UNINITIALIZED_AUTOS = YES_AGGRESSIVE;
				GCC_WARN_UNUSED_FUNCTION = YES;
				GCC_WARN_UNUSED_VARIABLE = YES;
				IPHONEOS_DEPLOYMENT_TARGET = 7.0;
				MTL_ENABLE_DEBUG_INFO = YES;
				ONLY_ACTIVE_ARCH = YES;
				SDKROOT = iphoneos;
			};
			name = Debug;
		};
		C35331F11B7BCE8A003A7521 /* Release */ = {
			isa = XCBuildConfiguration;
			buildSettings = {
				ALWAYS_SEARCH_USER_PATHS = NO;
				CLANG_CXX_LANGUAGE_STANDARD = "gnu++0x";
				CLANG_CXX_LIBRARY = "libc++";
				CLANG_ENABLE_MODULES = YES;
				CLANG_ENABLE_OBJC_ARC = YES;
				CLANG_WARN_BOOL_CONVERSION = YES;
				CLANG_WARN_CONSTANT_CONVERSION = YES;
				CLANG_WARN_DIRECT_OBJC_ISA_USAGE = YES_ERROR;
				CLANG_WARN_EMPTY_BODY = YES;
				CLANG_WARN_ENUM_CONVERSION = YES;
				CLANG_WARN_INT_CONVERSION = YES;
				CLANG_WARN_OBJC_ROOT_CLASS = YES_ERROR;
				CLANG_WARN_UNREACHABLE_CODE = YES;
				CLANG_WARN__DUPLICATE_METHOD_MATCH = YES;
				COPY_PHASE_STRIP = NO;
				DEBUG_INFORMATION_FORMAT = "dwarf-with-dsym";
				ENABLE_NS_ASSERTIONS = NO;
				ENABLE_STRICT_OBJC_MSGSEND = YES;
				GCC_C_LANGUAGE_STANDARD = gnu99;
				GCC_NO_COMMON_BLOCKS = YES;
				GCC_WARN_64_TO_32_BIT_CONVERSION = YES;
				GCC_WARN_ABOUT_RETURN_TYPE = YES_ERROR;
				GCC_WARN_UNDECLARED_SELECTOR = YES;
				GCC_WARN_UNINITIALIZED_AUTOS = YES_AGGRESSIVE;
				GCC_WARN_UNUSED_FUNCTION = YES;
				GCC_WARN_UNUSED_VARIABLE = YES;
				IPHONEOS_DEPLOYMENT_TARGET = 7.0;
				MTL_ENABLE_DEBUG_INFO = NO;
				SDKROOT = iphoneos;
				VALIDATE_PRODUCT = YES;
			};
			name = Release;
		};
		C35331F31B7BCE8A003A7521 /* Debug */ = {
			isa = XCBuildConfiguration;
			buildSettings = {
				FRAMEWORK_SEARCH_PATHS = (
					"$(inherited)",
					"$(PROJECT_DIR)/FirebaseInvites/Frameworks",
				);
				IPHONEOS_DEPLOYMENT_TARGET = 7.0;
				OTHER_LDFLAGS = "-ObjC";
				PRODUCT_NAME = "$(TARGET_NAME)";
				SDKROOT = iphoneos;
				SKIP_INSTALL = YES;
			};
			name = Debug;
		};
		C35331F41B7BCE8A003A7521 /* Release */ = {
			isa = XCBuildConfiguration;
			buildSettings = {
				FRAMEWORK_SEARCH_PATHS = (
					"$(inherited)",
					"$(PROJECT_DIR)/FirebaseInvites/Frameworks",
				);
				IPHONEOS_DEPLOYMENT_TARGET = 7.0;
				OTHER_LDFLAGS = "-ObjC";
				PRODUCT_NAME = "$(TARGET_NAME)";
				SDKROOT = iphoneos;
				SKIP_INSTALL = YES;
			};
			name = Release;
		};
/* End XCBuildConfiguration section */

/* Begin XCConfigurationList section */
		C35331D91B7BCE8A003A7521 /* Build configuration list for PBXProject "FirebaseInvites" */ = {
			isa = XCConfigurationList;
			buildConfigurations = (
				C35331F01B7BCE8A003A7521 /* Debug */,
				C35331F11B7BCE8A003A7521 /* Release */,
			);
			defaultConfigurationIsVisible = 0;
			defaultConfigurationName = Release;
		};
		C35331F21B7BCE8A003A7521 /* Build configuration list for PBXNativeTarget "FirebaseInvites" */ = {
			isa = XCConfigurationList;
			buildConfigurations = (
				C35331F31B7BCE8A003A7521 /* Debug */,
				C35331F41B7BCE8A003A7521 /* Release */,
			);
			defaultConfigurationIsVisible = 0;
			defaultConfigurationName = Release;
		};
/* End XCConfigurationList section */
	};
	rootObject = C35331D61B7BCE8A003A7521 /* Project object */;
}
